
Microsoft Visual Studio Solution File, Format Version 12.00
# Visual Studio 14
VisualStudioVersion = 14.0.23107.0
MinimumVisualStudioVersion = 10.0.40219.1
Project("{FAE04EC0-301F-11D3-BF4B-00C04F79EFBC}") = "ForumApp.UI", "ForumApp.UI\ForumApp.UI.csproj", "{AC6457CB-E9C0-4EF6-8682-35128DCA55DB}"
EndProject
Project("{FAE04EC0-301F-11D3-BF4B-00C04F79EFBC}") = "forum.DAL", "forum.DAL\forum.DAL.csproj", "{D8F8DB9A-515A-43F5-86ED-128814D906A3}"
EndProject
Global
	GlobalSection(SolutionConfigurationPlatforms) = preSolution
		Debug|Any CPU = Debug|Any CPU
		Release|Any CPU = Release|Any CPU
	EndGlobalSection
	GlobalSection(ProjectConfigurationPlatforms) = postSolution
		{AC6457CB-E9C0-4EF6-8682-35128DCA55DB}.Debug|Any CPU.ActiveCfg = Debug|Any CPU
		{AC6457CB-E9C0-4EF6-8682-35128DCA55DB}.Debug|Any CPU.Build.0 = Debug|Any CPU
		{AC6457CB-E9C0-4EF6-8682-35128DCA55DB}.Release|Any CPU.ActiveCfg = Release|Any CPU
		{AC6457CB-E9C0-4EF6-8682-35128DCA55DB}.Release|Any CPU.Build.0 = Release|Any CPU
		{D8F8DB9A-515A-43F5-86ED-128814D906A3}.Debug|Any CPU.ActiveCfg = Debug|Any CPU
		{D8F8DB9A-515A-43F5-86ED-128814D906A3}.Debug|Any CPU.Build.0 = Debug|Any CPU
		{D8F8DB9A-515A-43F5-86ED-128814D906A3}.Release|Any CPU.ActiveCfg = Release|Any CPU
		{D8F8DB9A-515A-43F5-86ED-128814D906A3}.Release|Any CPU.Build.0 = Release|Any CPU
	EndGlobalSection
	GlobalSection(SolutionProperties) = preSolution
		HideSolutionNode = FALSE
	EndGlobalSection
EndGlobal
